
Microsoft Visual Studio Solution File, Format Version 12.00
# Visual Studio Version 16
VisualStudioVersion = 16.0.31205.134
MinimumVisualStudioVersion = 10.0.40219.1
Project("{FAE04EC0-301F-11D3-BF4B-00C04F79EFBC}") = "App1", "App1\App1.csproj", "{57667659-8929-4303-BC69-F28645D46FDF}"
EndProject
Global
	GlobalSection(SolutionConfigurationPlatforms) = preSolution
		Debug|Any CPU = Debug|Any CPU
		Release|Any CPU = Release|Any CPU
	EndGlobalSection
	GlobalSection(ProjectConfigurationPlatforms) = postSolution
		{57667659-8929-4303-BC69-F28645D46FDF}.Debug|Any CPU.ActiveCfg = Debug|Any CPU
		{57667659-8929-4303-BC69-F28645D46FDF}.Debug|Any CPU.Build.0 = Debug|Any CPU
		{57667659-8929-4303-BC69-F28645D46FDF}.Debug|Any CPU.Deploy.0 = Debug|Any CPU
		{57667659-8929-4303-BC69-F28645D46FDF}.Release|Any CPU.ActiveCfg = Release|Any CPU
		{57667659-8929-4303-BC69-F28645D46FDF}.Release|Any CPU.Build.0 = Release|Any CPU
		{57667659-8929-4303-BC69-F28645D46FDF}.Release|Any CPU.Deploy.0 = Release|Any CPU
	EndGlobalSection
	GlobalSection(SolutionProperties) = preSolution
		HideSolutionNode = FALSE
	EndGlobalSection
	GlobalSection(ExtensibilityGlobals) = postSolution
		SolutionGuid = {B55CCCDA-805E-4AB3-AE5C-960B720CEB3A}
	EndGlobalSection
EndGlobal
